
Microsoft Visual Studio Solution File, Format Version 12.00
# Visual Studio Version 17
VisualStudioVersion = 17.8.34316.72
MinimumVisualStudioVersion = 10.0.40219.1
Project("{FAE04EC0-301F-11D3-BF4B-00C04F79EFBC}") = "FinApp", "FinApp\FinApp.csproj", "{EFB56052-D868-413B-8274-E9AEE141F488}"
EndProject
Global
	GlobalSection(SolutionConfigurationPlatforms) = preSolution
		Debug|Any CPU = Debug|Any CPU
		Release|Any CPU = Release|Any CPU
	EndGlobalSection
	GlobalSection(ProjectConfigurationPlatforms) = postSolution
		{EFB56052-D868-413B-8274-E9AEE141F488}.Debug|Any CPU.ActiveCfg = Debug|Any CPU
		{EFB56052-D868-413B-8274-E9AEE141F488}.Debug|Any CPU.Build.0 = Debug|Any CPU
		{EFB56052-D868-413B-8274-E9AEE141F488}.Release|Any CPU.ActiveCfg = Release|Any CPU
		{EFB56052-D868-413B-8274-E9AEE141F488}.Release|Any CPU.Build.0 = Release|Any CPU
	EndGlobalSection
	GlobalSection(SolutionProperties) = preSolution
		HideSolutionNode = FALSE
	EndGlobalSection
	GlobalSection(ExtensibilityGlobals) = postSolution
		SolutionGuid = {49544D9C-ACE2-4FA8-96D8-98DE047A7C5C}
	EndGlobalSection
EndGlobal
